
Microsoft Visual Studio Solution File, Format Version 12.00
# Visual Studio 15
VisualStudioVersion = 15.0.27703.2000
MinimumVisualStudioVersion = 10.0.40219.1
Project("{FAE04EC0-301F-11D3-BF4B-00C04F79EFBC}") = "Core", "Core\Core.csproj", "{B5CEFFDE-EA3C-4BFA-9501-03FE5642741C}"
EndProject
Project("{FAE04EC0-301F-11D3-BF4B-00C04F79EFBC}") = "CoreWin", "Core\CoreWin\CoreWin.csproj", "{3836F191-B2A8-4457-A5F6-5B766DB73E36}"
EndProject
Project("{FAE04EC0-301F-11D3-BF4B-00C04F79EFBC}") = "NewMethod", "NewMethod\NewMethod.csproj", "{DA2388CC-2076-4327-90E4-46B8D463DBC2}"
EndProject
Project("{FAE04EC0-301F-11D3-BF4B-00C04F79EFBC}") = "NewMethodWin", "NewMethod\NewMethodWin\NewMethodWin.csproj", "{DADA5260-9911-4CBD-AAD7-89177DC7EC9F}"
EndProject
Project("{FAE04EC0-301F-11D3-BF4B-00C04F79EFBC}") = "Rz5", "Rz5\Rz5.csproj", "{045D97AD-AB64-4F3F-B0CD-B61EDFD917FB}"
EndProject
Project("{FAE04EC0-301F-11D3-BF4B-00C04F79EFBC}") = "RzInterfaceWin", "RzInterfaceWin.csproj", "{9EE26312-218A-42F9-9E9A-911DFAAD1FC9}"
EndProject
Project("{FAE04EC0-301F-11D3-BF4B-00C04F79EFBC}") = "Tools", "Tools\Tools.csproj", "{5047280A-4740-4083-85FE-F71B28B77848}"
EndProject
Project("{FAE04EC0-301F-11D3-BF4B-00C04F79EFBC}") = "ToolsWin", "Tools\ToolsWin\ToolsWin.csproj", "{C4D3A247-5091-401F-9045-2DEDAE231831}"
EndProject
Project("{FAE04EC0-301F-11D3-BF4B-00C04F79EFBC}") = "GoogleApis", "GoogleApis\GoogleApis\GoogleApis\GoogleApis.csproj", "{1352AF3D-51EC-4823-A3A4-417A94C07DA0}"
EndProject
Project("{FAE04EC0-301F-11D3-BF4B-00C04F79EFBC}") = "SensibleDAL", "SensibleDAL\SensibleDAL\SensibleDAL.csproj", "{B0CB5CA4-35FA-4069-A18C-947716D318AE}"
EndProject
Project("{FAE04EC0-301F-11D3-BF4B-00C04F79EFBC}") = "Peak", "Rz5\Peak\Peak.csproj", "{6094A8E2-8EF8-4C90-8EFD-5BCAB31762E1}"
EndProject
Project("{FAE04EC0-301F-11D3-BF4B-00C04F79EFBC}") = "HubspotApi", "HubspotApi\HubspotApi\HubspotApi.csproj", "{752D523C-AB59-4915-A78C-741684AE7AE0}"
EndProject
Project("{FAE04EC0-301F-11D3-BF4B-00C04F79EFBC}") = "Tie", "Tie\Tie.csproj", "{4C393E56-82EE-4E3D-A276-87509AE6F27F}"
EndProject
Project("{FAE04EC0-301F-11D3-BF4B-00C04F79EFBC}") = "RzLoader", "RzLoader\RzLoader.csproj", "{0D26586C-ACAE-4E7E-851E-D937597CB19C}"
EndProject
Global
	GlobalSection(SolutionConfigurationPlatforms) = preSolution
		Debug|Any CPU = Debug|Any CPU
		Debug|Mixed Platforms = Debug|Mixed Platforms
		Debug|x86 = Debug|x86
		Release|Any CPU = Release|Any CPU
		Release|Mixed Platforms = Release|Mixed Platforms
		Release|x86 = Release|x86
	EndGlobalSection
	GlobalSection(ProjectConfigurationPlatforms) = postSolution
		{B5CEFFDE-EA3C-4BFA-9501-03FE5642741C}.Debug|Any CPU.ActiveCfg = Debug|Any CPU
		{B5CEFFDE-EA3C-4BFA-9501-03FE5642741C}.Debug|Any CPU.Build.0 = Debug|Any CPU
		{B5CEFFDE-EA3C-4BFA-9501-03FE5642741C}.Debug|Mixed Platforms.ActiveCfg = Debug|x86
		{B5CEFFDE-EA3C-4BFA-9501-03FE5642741C}.Debug|Mixed Platforms.Build.0 = Debug|x86
		{B5CEFFDE-EA3C-4BFA-9501-03FE5642741C}.Debug|x86.ActiveCfg = Debug|x86
		{B5CEFFDE-EA3C-4BFA-9501-03FE5642741C}.Debug|x86.Build.0 = Debug|x86
		{B5CEFFDE-EA3C-4BFA-9501-03FE5642741C}.Release|Any CPU.ActiveCfg = Release|Any CPU
		{B5CEFFDE-EA3C-4BFA-9501-03FE5642741C}.Release|Any CPU.Build.0 = Release|Any CPU
		{B5CEFFDE-EA3C-4BFA-9501-03FE5642741C}.Release|Mixed Platforms.ActiveCfg = Release|x86
		{B5CEFFDE-EA3C-4BFA-9501-03FE5642741C}.Release|Mixed Platforms.Build.0 = Release|x86
		{B5CEFFDE-EA3C-4BFA-9501-03FE5642741C}.Release|x86.ActiveCfg = Release|x86
		{B5CEFFDE-EA3C-4BFA-9501-03FE5642741C}.Release|x86.Build.0 = Release|x86
		{3836F191-B2A8-4457-A5F6-5B766DB73E36}.Debug|Any CPU.ActiveCfg = Debug|Any CPU
		{3836F191-B2A8-4457-A5F6-5B766DB73E36}.Debug|Any CPU.Build.0 = Debug|Any CPU
		{3836F191-B2A8-4457-A5F6-5B766DB73E36}.Debug|Mixed Platforms.ActiveCfg = Debug|x86
		{3836F191-B2A8-4457-A5F6-5B766DB73E36}.Debug|Mixed Platforms.Build.0 = Debug|x86
		{3836F191-B2A8-4457-A5F6-5B766DB73E36}.Debug|x86.ActiveCfg = Debug|x86
		{3836F191-B2A8-4457-A5F6-5B766DB73E36}.Debug|x86.Build.0 = Debug|x86
		{3836F191-B2A8-4457-A5F6-5B766DB73E36}.Release|Any CPU.ActiveCfg = Release|Any CPU
		{3836F191-B2A8-4457-A5F6-5B766DB73E36}.Release|Any CPU.Build.0 = Release|Any CPU
		{3836F191-B2A8-4457-A5F6-5B766DB73E36}.Release|Mixed Platforms.ActiveCfg = Release|x86
		{3836F191-B2A8-4457-A5F6-5B766DB73E36}.Release|Mixed Platforms.Build.0 = Release|x86
		{3836F191-B2A8-4457-A5F6-5B766DB73E36}.Release|x86.ActiveCfg = Release|x86
		{3836F191-B2A8-4457-A5F6-5B766DB73E36}.Release|x86.Build.0 = Release|x86
		{DA2388CC-2076-4327-90E4-46B8D463DBC2}.Debug|Any CPU.ActiveCfg = Debug|Any CPU
		{DA2388CC-2076-4327-90E4-46B8D463DBC2}.Debug|Any CPU.Build.0 = Debug|Any CPU
		{DA2388CC-2076-4327-90E4-46B8D463DBC2}.Debug|Mixed Platforms.ActiveCfg = Debug|x86
		{DA2388CC-2076-4327-90E4-46B8D463DBC2}.Debug|Mixed Platforms.Build.0 = Debug|x86
		{DA2388CC-2076-4327-90E4-46B8D463DBC2}.Debug|x86.ActiveCfg = Debug|x86
		{DA2388CC-2076-4327-90E4-46B8D463DBC2}.Debug|x86.Build.0 = Debug|x86
		{DA2388CC-2076-4327-90E4-46B8D463DBC2}.Release|Any CPU.ActiveCfg = Release|Any CPU
		{DA2388CC-2076-4327-90E4-46B8D463DBC2}.Release|Any CPU.Build.0 = Release|Any CPU
		{DA2388CC-2076-4327-90E4-46B8D463DBC2}.Release|Mixed Platforms.ActiveCfg = Release|x86
		{DA2388CC-2076-4327-90E4-46B8D463DBC2}.Release|Mixed Platforms.Build.0 = Release|x86
		{DA2388CC-2076-4327-90E4-46B8D463DBC2}.Release|x86.ActiveCfg = Release|x86
		{DA2388CC-2076-4327-90E4-46B8D463DBC2}.Release|x86.Build.0 = Release|x86
		{DADA5260-9911-4CBD-AAD7-89177DC7EC9F}.Debug|Any CPU.ActiveCfg = Debug|Any CPU
		{DADA5260-9911-4CBD-AAD7-89177DC7EC9F}.Debug|Any CPU.Build.0 = Debug|Any CPU
		{DADA5260-9911-4CBD-AAD7-89177DC7EC9F}.Debug|Mixed Platforms.ActiveCfg = Debug|x86
		{DADA5260-9911-4CBD-AAD7-89177DC7EC9F}.Debug|Mixed Platforms.Build.0 = Debug|x86
		{DADA5260-9911-4CBD-AAD7-89177DC7EC9F}.Debug|x86.ActiveCfg = Debug|x86
		{DADA5260-9911-4CBD-AAD7-89177DC7EC9F}.Debug|x86.Build.0 = Debug|x86
		{DADA5260-9911-4CBD-AAD7-89177DC7EC9F}.Release|Any CPU.ActiveCfg = Release|Any CPU
		{DADA5260-9911-4CBD-AAD7-89177DC7EC9F}.Release|Any CPU.Build.0 = Release|Any CPU
		{DADA5260-9911-4CBD-AAD7-89177DC7EC9F}.Release|Mixed Platforms.ActiveCfg = Release|x86
		{DADA5260-9911-4CBD-AAD7-89177DC7EC9F}.Release|Mixed Platforms.Build.0 = Release|x86
		{DADA5260-9911-4CBD-AAD7-89177DC7EC9F}.Release|x86.ActiveCfg = Release|x86
		{DADA5260-9911-4CBD-AAD7-89177DC7EC9F}.Release|x86.Build.0 = Release|x86
		{045D97AD-AB64-4F3F-B0CD-B61EDFD917FB}.Debug|Any CPU.ActiveCfg = Debug|Any CPU
		{045D97AD-AB64-4F3F-B0CD-B61EDFD917FB}.Debug|Any CPU.Build.0 = Debug|Any CPU
		{045D97AD-AB64-4F3F-B0CD-B61EDFD917FB}.Debug|Mixed Platforms.ActiveCfg = Debug|x86
		{045D97AD-AB64-4F3F-B0CD-B61EDFD917FB}.Debug|Mixed Platforms.Build.0 = Debug|x86
		{045D97AD-AB64-4F3F-B0CD-B61EDFD917FB}.Debug|x86.ActiveCfg = Debug|x86
		{045D97AD-AB64-4F3F-B0CD-B61EDFD917FB}.Debug|x86.Build.0 = Debug|x86
		{045D97AD-AB64-4F3F-B0CD-B61EDFD917FB}.Release|Any CPU.ActiveCfg = Release|Any CPU
		{045D97AD-AB64-4F3F-B0CD-B61EDFD917FB}.Release|Any CPU.Build.0 = Release|Any CPU
		{045D97AD-AB64-4F3F-B0CD-B61EDFD917FB}.Release|Mixed Platforms.ActiveCfg = Release|x86
		{045D97AD-AB64-4F3F-B0CD-B61EDFD917FB}.Release|Mixed Platforms.Build.0 = Release|x86
		{045D97AD-AB64-4F3F-B0CD-B61EDFD917FB}.Release|x86.ActiveCfg = Release|x86
		{045D97AD-AB64-4F3F-B0CD-B61EDFD917FB}.Release|x86.Build.0 = Release|x86
		{9EE26312-218A-42F9-9E9A-911DFAAD1FC9}.Debug|Any CPU.ActiveCfg = Debug|Any CPU
		{9EE26312-218A-42F9-9E9A-911DFAAD1FC9}.Debug|Any CPU.Build.0 = Debug|Any CPU
		{9EE26312-218A-42F9-9E9A-911DFAAD1FC9}.Debug|Mixed Platforms.ActiveCfg = Debug|Any CPU
		{9EE26312-218A-42F9-9E9A-911DFAAD1FC9}.Debug|Mixed Platforms.Build.0 = Debug|Any CPU
		{9EE26312-218A-42F9-9E9A-911DFAAD1FC9}.Debug|x86.ActiveCfg = Debug|Any CPU
		{9EE26312-218A-42F9-9E9A-911DFAAD1FC9}.Debug|x86.Build.0 = Debug|Any CPU
		{9EE26312-218A-42F9-9E9A-911DFAAD1FC9}.Release|Any CPU.ActiveCfg = Release|Any CPU
		{9EE26312-218A-42F9-9E9A-911DFAAD1FC9}.Release|Any CPU.Build.0 = Release|Any CPU
		{9EE26312-218A-42F9-9E9A-911DFAAD1FC9}.Release|Mixed Platforms.ActiveCfg = Release|Any CPU
		{9EE26312-218A-42F9-9E9A-911DFAAD1FC9}.Release|Mixed Platforms.Build.0 = Release|Any CPU
		{9EE26312-218A-42F9-9E9A-911DFAAD1FC9}.Release|x86.ActiveCfg = Release|Any CPU
		{9EE26312-218A-42F9-9E9A-911DFAAD1FC9}.Release|x86.Build.0 = Release|Any CPU
		{5047280A-4740-4083-85FE-F71B28B77848}.Debug|Any CPU.ActiveCfg = Debug|Any CPU
		{5047280A-4740-4083-85FE-F71B28B77848}.Debug|Any CPU.Build.0 = Debug|Any CPU
		{5047280A-4740-4083-85FE-F71B28B77848}.Debug|Mixed Platforms.ActiveCfg = Debug|x86
		{5047280A-4740-4083-85FE-F71B28B77848}.Debug|Mixed Platforms.Build.0 = Debug|x86
		{5047280A-4740-4083-85FE-F71B28B77848}.Debug|x86.ActiveCfg = Debug|x86
		{5047280A-4740-4083-85FE-F71B28B77848}.Debug|x86.Build.0 = Debug|x86
		{5047280A-4740-4083-85FE-F71B28B77848}.Release|Any CPU.ActiveCfg = Release|Any CPU
		{5047280A-4740-4083-85FE-F71B28B77848}.Release|Any CPU.Build.0 = Release|Any CPU
		{5047280A-4740-4083-85FE-F71B28B77848}.Release|Mixed Platforms.ActiveCfg = Release|x86
		{5047280A-4740-4083-85FE-F71B28B77848}.Release|Mixed Platforms.Build.0 = Release|x86
		{5047280A-4740-4083-85FE-F71B28B77848}.Release|x86.ActiveCfg = Release|x86
		{5047280A-4740-4083-85FE-F71B28B77848}.Release|x86.Build.0 = Release|x86
		{C4D3A247-5091-401F-9045-2DEDAE231831}.Debug|Any CPU.ActiveCfg = Debug|Any CPU
		{C4D3A247-5091-401F-9045-2DEDAE231831}.Debug|Any CPU.Build.0 = Debug|Any CPU
		{C4D3A247-5091-401F-9045-2DEDAE231831}.Debug|Mixed Platforms.ActiveCfg = Debug|x86
		{C4D3A247-5091-401F-9045-2DEDAE231831}.Debug|Mixed Platforms.Build.0 = Debug|x86
		{C4D3A247-5091-401F-9045-2DEDAE231831}.Debug|x86.ActiveCfg = Debug|x86
		{C4D3A247-5091-401F-9045-2DEDAE231831}.Debug|x86.Build.0 = Debug|x86
		{C4D3A247-5091-401F-9045-2DEDAE231831}.Release|Any CPU.ActiveCfg = Release|Any CPU
		{C4D3A247-5091-401F-9045-2DEDAE231831}.Release|Any CPU.Build.0 = Release|Any CPU
		{C4D3A247-5091-401F-9045-2DEDAE231831}.Release|Mixed Platforms.ActiveCfg = Release|x86
		{C4D3A247-5091-401F-9045-2DEDAE231831}.Release|Mixed Platforms.Build.0 = Release|x86
		{C4D3A247-5091-401F-9045-2DEDAE231831}.Release|x86.ActiveCfg = Release|x86
		{C4D3A247-5091-401F-9045-2DEDAE231831}.Release|x86.Build.0 = Release|x86
		{1352AF3D-51EC-4823-A3A4-417A94C07DA0}.Debug|Any CPU.ActiveCfg = Debug|Any CPU
		{1352AF3D-51EC-4823-A3A4-417A94C07DA0}.Debug|Any CPU.Build.0 = Debug|Any CPU
		{1352AF3D-51EC-4823-A3A4-417A94C07DA0}.Debug|Mixed Platforms.ActiveCfg = Debug|Any CPU
		{1352AF3D-51EC-4823-A3A4-417A94C07DA0}.Debug|Mixed Platforms.Build.0 = Debug|Any CPU
		{1352AF3D-51EC-4823-A3A4-417A94C07DA0}.Debug|x86.ActiveCfg = Debug|Any CPU
		{1352AF3D-51EC-4823-A3A4-417A94C07DA0}.Debug|x86.Build.0 = Debug|Any CPU
		{1352AF3D-51EC-4823-A3A4-417A94C07DA0}.Release|Any CPU.ActiveCfg = Release|Any CPU
		{1352AF3D-51EC-4823-A3A4-417A94C07DA0}.Release|Any CPU.Build.0 = Release|Any CPU
		{1352AF3D-51EC-4823-A3A4-417A94C07DA0}.Release|Mixed Platforms.ActiveCfg = Release|Any CPU
		{1352AF3D-51EC-4823-A3A4-417A94C07DA0}.Release|Mixed Platforms.Build.0 = Release|Any CPU
		{1352AF3D-51EC-4823-A3A4-417A94C07DA0}.Release|x86.ActiveCfg = Release|Any CPU
		{1352AF3D-51EC-4823-A3A4-417A94C07DA0}.Release|x86.Build.0 = Release|Any CPU
		{B0CB5CA4-35FA-4069-A18C-947716D318AE}.Debug|Any CPU.ActiveCfg = Debug|Any CPU
		{B0CB5CA4-35FA-4069-A18C-947716D318AE}.Debug|Any CPU.Build.0 = Debug|Any CPU
		{B0CB5CA4-35FA-4069-A18C-947716D318AE}.Debug|Mixed Platforms.ActiveCfg = Debug|Any CPU
		{B0CB5CA4-35FA-4069-A18C-947716D318AE}.Debug|Mixed Platforms.Build.0 = Debug|Any CPU
		{B0CB5CA4-35FA-4069-A18C-947716D318AE}.Debug|x86.ActiveCfg = Debug|Any CPU
		{B0CB5CA4-35FA-4069-A18C-947716D318AE}.Debug|x86.Build.0 = Debug|Any CPU
		{B0CB5CA4-35FA-4069-A18C-947716D318AE}.Release|Any CPU.ActiveCfg = Release|Any CPU
		{B0CB5CA4-35FA-4069-A18C-947716D318AE}.Release|Any CPU.Build.0 = Release|Any CPU
		{B0CB5CA4-35FA-4069-A18C-947716D318AE}.Release|Mixed Platforms.ActiveCfg = Release|Any CPU
		{B0CB5CA4-35FA-4069-A18C-947716D318AE}.Release|Mixed Platforms.Build.0 = Release|Any CPU
		{B0CB5CA4-35FA-4069-A18C-947716D318AE}.Release|x86.ActiveCfg = Release|Any CPU
		{B0CB5CA4-35FA-4069-A18C-947716D318AE}.Release|x86.Build.0 = Release|Any CPU
		{719523A2-7C2D-42DF-A2CE-436D7EF48219}.Debug|Any CPU.ActiveCfg = Debug
		{719523A2-7C2D-42DF-A2CE-436D7EF48219}.Debug|Any CPU.Build.0 = Debug
		{719523A2-7C2D-42DF-A2CE-436D7EF48219}.Debug|Mixed Platforms.ActiveCfg = Debug
		{719523A2-7C2D-42DF-A2CE-436D7EF48219}.Debug|Mixed Platforms.Build.0 = Debug
		{719523A2-7C2D-42DF-A2CE-436D7EF48219}.Debug|x86.ActiveCfg = Debug
		{719523A2-7C2D-42DF-A2CE-436D7EF48219}.Debug|x86.Build.0 = Debug
		{719523A2-7C2D-42DF-A2CE-436D7EF48219}.Release|Any CPU.ActiveCfg = Release
		{719523A2-7C2D-42DF-A2CE-436D7EF48219}.Release|Any CPU.Build.0 = Release
		{719523A2-7C2D-42DF-A2CE-436D7EF48219}.Release|Mixed Platforms.ActiveCfg = Release
		{719523A2-7C2D-42DF-A2CE-436D7EF48219}.Release|Mixed Platforms.Build.0 = Release
		{719523A2-7C2D-42DF-A2CE-436D7EF48219}.Release|x86.ActiveCfg = Release
		{719523A2-7C2D-42DF-A2CE-436D7EF48219}.Release|x86.Build.0 = Release
		{6094A8E2-8EF8-4C90-8EFD-5BCAB31762E1}.Debug|Any CPU.ActiveCfg = Debug|Any CPU
		{6094A8E2-8EF8-4C90-8EFD-5BCAB31762E1}.Debug|Any CPU.Build.0 = Debug|Any CPU
		{6094A8E2-8EF8-4C90-8EFD-5BCAB31762E1}.Debug|Mixed Platforms.ActiveCfg = Debug|Any CPU
		{6094A8E2-8EF8-4C90-8EFD-5BCAB31762E1}.Debug|Mixed Platforms.Build.0 = Debug|Any CPU
		{6094A8E2-8EF8-4C90-8EFD-5BCAB31762E1}.Debug|x86.ActiveCfg = Debug|Any CPU
		{6094A8E2-8EF8-4C90-8EFD-5BCAB31762E1}.Debug|x86.Build.0 = Debug|Any CPU
		{6094A8E2-8EF8-4C90-8EFD-5BCAB31762E1}.Release|Any CPU.ActiveCfg = Release|Any CPU
		{6094A8E2-8EF8-4C90-8EFD-5BCAB31762E1}.Release|Any CPU.Build.0 = Release|Any CPU
		{6094A8E2-8EF8-4C90-8EFD-5BCAB31762E1}.Release|Mixed Platforms.ActiveCfg = Release|Any CPU
		{6094A8E2-8EF8-4C90-8EFD-5BCAB31762E1}.Release|Mixed Platforms.Build.0 = Release|Any CPU
		{6094A8E2-8EF8-4C90-8EFD-5BCAB31762E1}.Release|x86.ActiveCfg = Release|Any CPU
		{6094A8E2-8EF8-4C90-8EFD-5BCAB31762E1}.Release|x86.Build.0 = Release|Any CPU
		{752D523C-AB59-4915-A78C-741684AE7AE0}.Debug|Any CPU.ActiveCfg = Debug|Any CPU
		{752D523C-AB59-4915-A78C-741684AE7AE0}.Debug|Any CPU.Build.0 = Debug|Any CPU
		{752D523C-AB59-4915-A78C-741684AE7AE0}.Debug|Mixed Platforms.ActiveCfg = Debug|Any CPU
		{752D523C-AB59-4915-A78C-741684AE7AE0}.Debug|Mixed Platforms.Build.0 = Debug|Any CPU
		{752D523C-AB59-4915-A78C-741684AE7AE0}.Debug|x86.ActiveCfg = Debug|Any CPU
		{752D523C-AB59-4915-A78C-741684AE7AE0}.Debug|x86.Build.0 = Debug|Any CPU
		{752D523C-AB59-4915-A78C-741684AE7AE0}.Release|Any CPU.ActiveCfg = Release|Any CPU
		{752D523C-AB59-4915-A78C-741684AE7AE0}.Release|Any CPU.Build.0 = Release|Any CPU
		{752D523C-AB59-4915-A78C-741684AE7AE0}.Release|Mixed Platforms.ActiveCfg = Release|Any CPU
		{752D523C-AB59-4915-A78C-741684AE7AE0}.Release|Mixed Platforms.Build.0 = Release|Any CPU
		{752D523C-AB59-4915-A78C-741684AE7AE0}.Release|x86.ActiveCfg = Release|Any CPU
		{752D523C-AB59-4915-A78C-741684AE7AE0}.Release|x86.Build.0 = Release|Any CPU
		{4C393E56-82EE-4E3D-A276-87509AE6F27F}.Debug|Any CPU.ActiveCfg = Debug|Any CPU
		{4C393E56-82EE-4E3D-A276-87509AE6F27F}.Debug|Any CPU.Build.0 = Debug|Any CPU
		{4C393E56-82EE-4E3D-A276-87509AE6F27F}.Debug|Mixed Platforms.ActiveCfg = Debug|x86
		{4C393E56-82EE-4E3D-A276-87509AE6F27F}.Debug|Mixed Platforms.Build.0 = Debug|x86
		{4C393E56-82EE-4E3D-A276-87509AE6F27F}.Debug|x86.ActiveCfg = Debug|x86
		{4C393E56-82EE-4E3D-A276-87509AE6F27F}.Debug|x86.Build.0 = Debug|x86
		{4C393E56-82EE-4E3D-A276-87509AE6F27F}.Release|Any CPU.ActiveCfg = Release|Any CPU
		{4C393E56-82EE-4E3D-A276-87509AE6F27F}.Release|Any CPU.Build.0 = Release|Any CPU
		{4C393E56-82EE-4E3D-A276-87509AE6F27F}.Release|Mixed Platforms.ActiveCfg = Release|x86
		{4C393E56-82EE-4E3D-A276-87509AE6F27F}.Release|Mixed Platforms.Build.0 = Release|x86
		{4C393E56-82EE-4E3D-A276-87509AE6F27F}.Release|x86.ActiveCfg = Release|x86
		{4C393E56-82EE-4E3D-A276-87509AE6F27F}.Release|x86.Build.0 = Release|x86
		{0D26586C-ACAE-4E7E-851E-D937597CB19C}.Debug|Any CPU.ActiveCfg = Debug|Any CPU
		{0D26586C-ACAE-4E7E-851E-D937597CB19C}.Debug|Any CPU.Build.0 = Debug|Any CPU
		{0D26586C-ACAE-4E7E-851E-D937597CB19C}.Debug|Mixed Platforms.ActiveCfg = Debug|Any CPU
		{0D26586C-ACAE-4E7E-851E-D937597CB19C}.Debug|Mixed Platforms.Build.0 = Debug|Any CPU
		{0D26586C-ACAE-4E7E-851E-D937597CB19C}.Debug|x86.ActiveCfg = Debug|Any CPU
		{0D26586C-ACAE-4E7E-851E-D937597CB19C}.Debug|x86.Build.0 = Debug|Any CPU
		{0D26586C-ACAE-4E7E-851E-D937597CB19C}.Release|Any CPU.ActiveCfg = Release|Any CPU
		{0D26586C-ACAE-4E7E-851E-D937597CB19C}.Release|Any CPU.Build.0 = Release|Any CPU
		{0D26586C-ACAE-4E7E-851E-D937597CB19C}.Release|Mixed Platforms.ActiveCfg = Release|Any CPU
		{0D26586C-ACAE-4E7E-851E-D937597CB19C}.Release|Mixed Platforms.Build.0 = Release|Any CPU
		{0D26586C-ACAE-4E7E-851E-D937597CB19C}.Release|x86.ActiveCfg = Release|Any CPU
		{0D26586C-ACAE-4E7E-851E-D937597CB19C}.Release|x86.Build.0 = Release|Any CPU
	EndGlobalSection
	GlobalSection(SolutionProperties) = preSolution
		HideSolutionNode = FALSE
	EndGlobalSection
	GlobalSection(ExtensibilityGlobals) = postSolution
		SolutionGuid = {A3F03B7D-ABFA-4B81-A306-1B6F55819BB6}
	EndGlobalSection
EndGlobal
